
Microsoft Visual Studio Solution File, Format Version 12.00
# Visual Studio 15
VisualStudioVersion = 15.0.27703.2047
MinimumVisualStudioVersion = 10.0.40219.1
Project("{8BC9CEB8-8B4A-11D0-8D11-00A0C91BC942}") = "mathLib", "mathLib\mathLib.vcxproj", "{830862F5-8B0E-435B-A0A4-28D03F49C28D}"
EndProject
Project("{8BC9CEB8-8B4A-11D0-8D11-00A0C91BC942}") = "unitTest", "unitTest\unitTest.vcxproj", "{35192102-0F63-4971-BE09-31BB04CAE922}"
EndProject
Global
	GlobalSection(SolutionConfigurationPlatforms) = preSolution
		Debug|x64 = Debug|x64
		Debug|x86 = Debug|x86
		Release|x64 = Release|x64
		Release|x86 = Release|x86
	EndGlobalSection
	GlobalSection(ProjectConfigurationPlatforms) = postSolution
		{830862F5-8B0E-435B-A0A4-28D03F49C28D}.Debug|x64.ActiveCfg = Debug|x64
		{830862F5-8B0E-435B-A0A4-28D03F49C28D}.Debug|x64.Build.0 = Debug|x64
		{830862F5-8B0E-435B-A0A4-28D03F49C28D}.Debug|x86.ActiveCfg = Debug|Win32
		{830862F5-8B0E-435B-A0A4-28D03F49C28D}.Debug|x86.Build.0 = Debug|Win32
		{830862F5-8B0E-435B-A0A4-28D03F49C28D}.Release|x64.ActiveCfg = Release|x64
		{830862F5-8B0E-435B-A0A4-28D03F49C28D}.Release|x64.Build.0 = Release|x64
		{830862F5-8B0E-435B-A0A4-28D03F49C28D}.Release|x86.ActiveCfg = Release|Win32
		{830862F5-8B0E-435B-A0A4-28D03F49C28D}.Release|x86.Build.0 = Release|Win32
		{35192102-0F63-4971-BE09-31BB04CAE922}.Debug|x64.ActiveCfg = Debug|x64
		{35192102-0F63-4971-BE09-31BB04CAE922}.Debug|x64.Build.0 = Debug|x64
		{35192102-0F63-4971-BE09-31BB04CAE922}.Debug|x86.ActiveCfg = Debug|Win32
		{35192102-0F63-4971-BE09-31BB04CAE922}.Debug|x86.Build.0 = Debug|Win32
		{35192102-0F63-4971-BE09-31BB04CAE922}.Release|x64.ActiveCfg = Release|x64
		{35192102-0F63-4971-BE09-31BB04CAE922}.Release|x64.Build.0 = Release|x64
		{35192102-0F63-4971-BE09-31BB04CAE922}.Release|x86.ActiveCfg = Release|Win32
		{35192102-0F63-4971-BE09-31BB04CAE922}.Release|x86.Build.0 = Release|Win32
	EndGlobalSection
	GlobalSection(SolutionProperties) = preSolution
		HideSolutionNode = FALSE
	EndGlobalSection
	GlobalSection(ExtensibilityGlobals) = postSolution
		SolutionGuid = {805D82B0-88C2-4601-BD8E-981BC8150E0D}
	EndGlobalSection
EndGlobal
